// !$*UTF8*$!
{
	archiveVersion = 1;
	classes = {
	};
	objectVersion = 50;
	objects = {

/* Begin PBXBuildFile section */
		F93DE16E2513F55F00163C03 /* AppDelegate.swift in Sources */ = {isa = PBXBuildFile; fileRef = F93DE16D2513F55F00163C03 /* AppDelegate.swift */; };
		F93DE1702513F55F00163C03 /* SceneDelegate.swift in Sources */ = {isa = PBXBuildFile; fileRef = F93DE16F2513F55F00163C03 /* SceneDelegate.swift */; };
		F93DE1722513F55F00163C03 /* ViewController.swift in Sources */ = {isa = PBXBuildFile; fileRef = F93DE1712513F55F00163C03 /* ViewController.swift */; };
		F93DE1752513F55F00163C03 /* Main.storyboard in Resources */ = {isa = PBXBuildFile; fileRef = F93DE1732513F55F00163C03 /* Main.storyboard */; };
		F93DE1772513F56100163C03 /* Assets.xcassets in Resources */ = {isa = PBXBuildFile; fileRef = F93DE1762513F56100163C03 /* Assets.xcassets */; };
		F93DE17A2513F56100163C03 /* LaunchScreen.storyboard in Resources */ = {isa = PBXBuildFile; fileRef = F93DE1782513F56100163C03 /* LaunchScreen.storyboard */; };
		F93DE1852513F56100163C03 /* twitterTests.swift in Sources */ = {isa = PBXBuildFile; fileRef = F93DE1842513F56100163C03 /* twitterTests.swift */; };
		F93DE1902513F56100163C03 /* twitterUITests.swift in Sources */ = {isa = PBXBuildFile; fileRef = F93DE18F2513F56100163C03 /* twitterUITests.swift */; };
/* End PBXBuildFile section */

/* Begin PBXContainerItemProxy section */
		F93DE1812513F56100163C03 /* PBXContainerItemProxy */ = {
			isa = PBXContainerItemProxy;
			containerPortal = F93DE1622513F55F00163C03 /* Project object */;
			proxyType = 1;
			remoteGlobalIDString = F93DE1692513F55F00163C03;
			remoteInfo = twitter;
		};
		F93DE18C2513F56100163C03 /* PBXContainerItemProxy */ = {
			isa = PBXContainerItemProxy;
			containerPortal = F93DE1622513F55F00163C03 /* Project object */;
			proxyType = 1;
			remoteGlobalIDString = F93DE1692513F55F00163C03;
			remoteInfo = twitter;
		};
/* End PBXContainerItemProxy section */

/* Begin PBXFileReference section */
		F93DE16A2513F55F00163C03 /* twitter.app */ = {isa = PBXFileReference; explicitFileType = wrapper.application; includeInIndex = 0; path = twitter.app; sourceTree = BUILT_PRODUCTS_DIR; };
		F93DE16D2513F55F00163C03 /* AppDelegate.swift */ = {isa = PBXFileReference; lastKnownFileType = sourcecode.swift; path = AppDelegate.swift; sourceTree = "<group>"; };
		F93DE16F2513F55F00163C03 /* SceneDelegate.swift */ = {isa = PBXFileReference; lastKnownFileType = sourcecode.swift; path = SceneDelegate.swift; sourceTree = "<group>"; };
		F93DE1712513F55F00163C03 /* ViewController.swift */ = {isa = PBXFileReference; lastKnownFileType = sourcecode.swift; path = ViewController.swift; sourceTree = "<group>"; };
		F93DE1742513F55F00163C03 /* Base */ = {isa = PBXFileReference; lastKnownFileType = file.storyboard; name = Base; path = Base.lproj/Main.storyboard; sourceTree = "<group>"; };
		F93DE1762513F56100163C03 /* Assets.xcassets */ = {isa = PBXFileReference; lastKnownFileType = folder.assetcatalog; path = Assets.xcassets; sourceTree = "<group>"; };
		F93DE1792513F56100163C03 /* Base */ = {isa = PBXFileReference; lastKnownFileType = file.storyboard; name = Base; path = Base.lproj/LaunchScreen.storyboard; sourceTree = "<group>"; };
		F93DE17B2513F56100163C03 /* Info.plist */ = {isa = PBXFileReference; lastKnownFileType = text.plist.xml; path = Info.plist; sourceTree = "<group>"; };
		F93DE1802513F56100163C03 /* twitterTests.xctest */ = {isa = PBXFileReference; explicitFileType = wrapper.cfbundle; includeInIndex = 0; path = twitterTests.xctest; sourceTree = BUILT_PRODUCTS_DIR; };
		F93DE1842513F56100163C03 /* twitterTests.swift */ = {isa = PBXFileReference; lastKnownFileType = sourcecode.swift; path = twitterTests.swift; sourceTree = "<group>"; };
		F93DE1862513F56100163C03 /* Info.plist */ = {isa = PBXFileReference; lastKnownFileType = text.plist.xml; path = Info.plist; sourceTree = "<group>"; };
		F93DE18B2513F56100163C03 /* twitterUITests.xctest */ = {isa = PBXFileReference; explicitFileType = wrapper.cfbundle; includeInIndex = 0; path = twitterUITests.xctest; sourceTree = BUILT_PRODUCTS_DIR; };
		F93DE18F2513F56100163C03 /* twitterUITests.swift */ = {isa = PBXFileReference; lastKnownFileType = sourcecode.swift; path = twitterUITests.swift; sourceTree = "<group>"; };
		F93DE1912513F56100163C03 /* Info.plist */ = {isa = PBXFileReference; lastKnownFileType = text.plist.xml; path = Info.plist; sourceTree = "<group>"; };
/* End PBXFileReference section */

/* Begin PBXFrameworksBuildPhase section */
		F93DE1672513F55F00163C03 /* Frameworks */ = {
			isa = PBXFrameworksBuildPhase;
			buildActionMask = 2147483647;
			files = (
			);
			runOnlyForDeploymentPostprocessing = 0;
		};
		F93DE17D2513F56100163C03 /* Frameworks */ = {
			isa = PBXFrameworksBuildPhase;
			buildActionMask = 2147483647;
			files = (
			);
			runOnlyForDeploymentPostprocessing = 0;
		};
		F93DE1882513F56100163C03 /* Frameworks */ = {
			isa = PBXFrameworksBuildPhase;
			buildActionMask = 2147483647;
			files = (
			);
			runOnlyForDeploymentPostprocessing = 0;
		};
/* End PBXFrameworksBuildPhase section */

/* Begin PBXGroup section */
		F93DE1612513F55F00163C03 = {
			isa = PBXGroup;
			children = (
				F93DE16C2513F55F00163C03 /* twitter */,
				F93DE1832513F56100163C03 /* twitterTests */,
				F93DE18E2513F56100163C03 /* twitterUITests */,
				F93DE16B2513F55F00163C03 /* Products */,
			);
			sourceTree = "<group>";
		};
		F93DE16B2513F55F00163C03 /* Products */ = {
			isa = PBXGroup;
			children = (
				F93DE16A2513F55F00163C03 /* twitter.app */,
				F93DE1802513F56100163C03 /* twitterTests.xctest */,
				F93DE18B2513F56100163C03 /* twitterUITests.xctest */,
			);
			name = Products;
			sourceTree = "<group>";
		};
		F93DE16C2513F55F00163C03 /* twitter */ = {
			isa = PBXGroup;
			children = (
				F93DE16D2513F55F00163C03 /* AppDelegate.swift */,
				F93DE16F2513F55F00163C03 /* SceneDelegate.swift */,
				F93DE1712513F55F00163C03 /* ViewController.swift */,
				F93DE1732513F55F00163C03 /* Main.storyboard */,
				F93DE1762513F56100163C03 /* Assets.xcassets */,
				F93DE1782513F56100163C03 /* LaunchScreen.storyboard */,
				F93DE17B2513F56100163C03 /* Info.plist */,
			);
			path = twitter;
			sourceTree = "<group>";
		};
		F93DE1832513F56100163C03 /* twitterTests */ = {
			isa = PBXGroup;
			children = (
				F93DE1842513F56100163C03 /* twitterTests.swift */,
				F93DE1862513F56100163C03 /* Info.plist */,
			);
			path = twitterTests;
			sourceTree = "<group>";
		};
		F93DE18E2513F56100163C03 /* twitterUITests */ = {
			isa = PBXGroup;
			children = (
				F93DE18F2513F56100163C03 /* twitterUITests.swift */,
				F93DE1912513F56100163C03 /* Info.plist */,
			);
			path = twitterUITests;
			sourceTree = "<group>";
		};
/* End PBXGroup section */

/* Begin PBXNativeTarget section */
		F93DE1692513F55F00163C03 /* twitter */ = {
			isa = PBXNativeTarget;
			buildConfigurationList = F93DE1942513F56100163C03 /* Build configuration list for PBXNativeTarget "twitter" */;
			buildPhases = (
				F93DE1662513F55F00163C03 /* Sources */,
				F93DE1672513F55F00163C03 /* Frameworks */,
				F93DE1682513F55F00163C03 /* Resources */,
			);
			buildRules = (
			);
			dependencies = (
			);
			name = twitter;
			productName = twitter;
			productReference = F93DE16A2513F55F00163C03 /* twitter.app */;
			productType = "com.apple.product-type.application";
		};
		F93DE17F2513F56100163C03 /* twitterTests */ = {
			isa = PBXNativeTarget;
			buildConfigurationList = F93DE1972513F56100163C03 /* Build configuration list for PBXNativeTarget "twitterTests" */;
			buildPhases = (
				F93DE17C2513F56100163C03 /* Sources */,
				F93DE17D2513F56100163C03 /* Frameworks */,
				F93DE17E2513F56100163C03 /* Resources */,
			);
			buildRules = (
			);
			dependencies = (
				F93DE1822513F56100163C03 /* PBXTargetDependency */,
			);
			name = twitterTests;
			productName = twitterTests;
			productReference = F93DE1802513F56100163C03 /* twitterTests.xctest */;
			productType = "com.apple.product-type.bundle.unit-test";
		};
		F93DE18A2513F56100163C03 /* twitterUITests */ = {
			isa = PBXNativeTarget;
			buildConfigurationList = F93DE19A2513F56100163C03 /* Build configuration list for PBXNativeTarget "twitterUITests" */;
			buildPhases = (
				F93DE1872513F56100163C03 /* Sources */,
				F93DE1882513F56100163C03 /* Frameworks */,
				F93DE1892513F56100163C03 /* Resources */,
			);
			buildRules = (
			);
			dependencies = (
				F93DE18D2513F56100163C03 /* PBXTargetDependency */,
			);
			name = twitterUITests;
			productName = twitterUITests;
			productReference = F93DE18B2513F56100163C03 /* twitterUITests.xctest */;
			productType = "com.apple.product-type.bundle.ui-testing";
		};
/* End PBXNativeTarget section */

/* Begin PBXProject section */
		F93DE1622513F55F00163C03 /* Project object */ = {
			isa = PBXProject;
			attributes = {
				LastSwiftUpdateCheck = 1160;
				LastUpgradeCheck = 1160;
				ORGANIZATIONNAME = Codepath;
				TargetAttributes = {
					F93DE1692513F55F00163C03 = {
						CreatedOnToolsVersion = 11.6;
					};
					F93DE17F2513F56100163C03 = {
						CreatedOnToolsVersion = 11.6;
						TestTargetID = F93DE1692513F55F00163C03;
					};
					F93DE18A2513F56100163C03 = {
						CreatedOnToolsVersion = 11.6;
						TestTargetID = F93DE1692513F55F00163C03;
					};
				};
			};
			buildConfigurationList = F93DE1652513F55F00163C03 /* Build configuration list for PBXProject "twitter" */;
			compatibilityVersion = "Xcode 9.3";
			developmentRegion = en;
			hasScannedForEncodings = 0;
			knownRegions = (
				en,
				Base,
			);
			mainGroup = F93DE1612513F55F00163C03;
			productRefGroup = F93DE16B2513F55F00163C03 /* Products */;
			projectDirPath = "";
			projectRoot = "";
			targets = (
				F93DE1692513F55F00163C03 /* twitter */,
				F93DE17F2513F56100163C03 /* twitterTests */,
				F93DE18A2513F56100163C03 /* twitterUITests */,
			);
		};
/* End PBXProject section */

/* Begin PBXResourcesBuildPhase section */
		F93DE1682513F55F00163C03 /* Resources */ = {
			isa = PBXResourcesBuildPhase;
			buildActionMask = 2147483647;
			files = (
				F93DE17A2513F56100163C03 /* LaunchScreen.storyboard in Resources */,
				F93DE1772513F56100163C03 /* Assets.xcassets in Resources */,
				F93DE1752513F55F00163C03 /* Main.storyboard in Resources */,
			);
			runOnlyForDeploymentPostprocessing = 0;
		};
		F93DE17E2513F56100163C03 /* Resources */ = {
			isa = PBXResourcesBuildPhase;
			buildActionMask = 2147483647;
			files = (
			);
			runOnlyForDeploymentPostprocessing = 0;
		};
		F93DE1892513F56100163C03 /* Resources */ = {
			isa = PBXResourcesBuildPhase;
			buildActionMask = 2147483647;
			files = (
			);
			runOnlyForDeploymentPostprocessing = 0;
		};
/* End PBXResourcesBuildPhase section */

/* Begin PBXSourcesBuildPhase section */
		F93DE1662513F55F00163C03 /* Sources */ = {
			isa = PBXSourcesBuildPhase;
			buildActionMask = 2147483647;
			files = (
				F93DE1722513F55F00163C03 /* ViewController.swift in Sources */,
				F93DE16E2513F55F00163C03 /* AppDelegate.swift in Sources */,
				F93DE1702513F55F00163C03 /* SceneDelegate.swift in Sources */,
			);
			runOnlyForDeploymentPostprocessing = 0;
		};
		F93DE17C2513F56100163C03 /* Sources */ = {
			isa = PBXSourcesBuildPhase;
			buildActionMask = 2147483647;
			files = (
				F93DE1852513F56100163C03 /* twitterTests.swift in Sources */,
			);
			runOnlyForDeploymentPostprocessing = 0;
		};
		F93DE1872513F56100163C03 /* Sources */ = {
			isa = PBXSourcesBuildPhase;
			buildActionMask = 2147483647;
			files = (
				F93DE1902513F56100163C03 /* twitterUITests.swift in Sources */,
			);
			runOnlyForDeploymentPostprocessing = 0;
		};
/* End PBXSourcesBuildPhase section */

/* Begin PBXTargetDependency section */
		F93DE1822513F56100163C03 /* PBXTargetDependency */ = {
			isa = PBXTargetDependency;
			target = F93DE1692513F55F00163C03 /* twitter */;
			targetProxy = F93DE1812513F56100163C03 /* PBXContainerItemProxy */;
		};
		F93DE18D2513F56100163C03 /* PBXTargetDependency */ = {
			isa = PBXTargetDependency;
			target = F93DE1692513F55F00163C03 /* twitter */;
			targetProxy = F93DE18C2513F56100163C03 /* PBXContainerItemProxy */;
		};
/* End PBXTargetDependency section */

/* Begin PBXVariantGroup section */
		F93DE1732513F55F00163C03 /* Main.storyboard */ = {
			isa = PBXVariantGroup;
			children = (
				F93DE1742513F55F00163C03 /* Base */,
			);
			name = Main.storyboard;
			sourceTree = "<group>";
		};
		F93DE1782513F56100163C03 /* LaunchScreen.storyboard */ = {
			isa = PBXVariantGroup;
			children = (
				F93DE1792513F56100163C03 /* Base */,
			);
			name = LaunchScreen.storyboard;
			sourceTree = "<group>";
		};
/* End PBXVariantGroup section */

/* Begin XCBuildConfiguration section */
		F93DE1922513F56100163C03 /* Debug */ = {
			isa = XCBuildConfiguration;
			buildSettings = {
				ALWAYS_SEARCH_USER_PATHS = NO;
				CLANG_ANALYZER_NONNULL = YES;
				CLANG_ANALYZER_NUMBER_OBJECT_CONVERSION = YES_AGGRESSIVE;
				CLANG_CXX_LANGUAGE_STANDARD = "gnu++14";
				CLANG_CXX_LIBRARY = "libc++";
				CLANG_ENABLE_MODULES = YES;
				CLANG_ENABLE_OBJC_ARC = YES;
				CLANG_ENABLE_OBJC_WEAK = YES;
				CLANG_WARN_BLOCK_CAPTURE_AUTORELEASING = YES;
				CLANG_WARN_BOOL_CONVERSION = YES;
				CLANG_WARN_COMMA = YES;
				CLANG_WARN_CONSTANT_CONVERSION = YES;
				CLANG_WARN_DEPRECATED_OBJC_IMPLEMENTATIONS = YES;
				CLANG_WARN_DIRECT_OBJC_ISA_USAGE = YES_ERROR;
				CLANG_WARN_DOCUMENTATION_COMMENTS = YES;
				CLANG_WARN_EMPTY_BODY = YES;
				CLANG_WARN_ENUM_CONVERSION = YES;
				CLANG_WARN_INFINITE_RECURSION = YES;
				CLANG_WARN_INT_CONVERSION = YES;
				CLANG_WARN_NON_LITERAL_NULL_CONVERSION = YES;
				CLANG_WARN_OBJC_IMPLICIT_RETAIN_SELF = YES;
				CLANG_WARN_OBJC_LITERAL_CONVERSION = YES;
				CLANG_WARN_OBJC_ROOT_CLASS = YES_ERROR;
				CLANG_WARN_RANGE_LOOP_ANALYSIS = YES;
				CLANG_WARN_STRICT_PROTOTYPES = YES;
				CLANG_WARN_SUSPICIOUS_MOVE = YES;
				CLANG_WARN_UNGUARDED_AVAILABILITY = YES_AGGRESSIVE;
				CLANG_WARN_UNREACHABLE_CODE = YES;
				CLANG_WARN__DUPLICATE_METHOD_MATCH = YES;
				COPY_PHASE_STRIP = NO;
				DEBUG_INFORMATION_FORMAT = dwarf;
				ENABLE_STRICT_OBJC_MSGSEND = YES;
				ENABLE_TESTABILITY = YES;
				GCC_C_LANGUAGE_STANDARD = gnu11;
				GCC_DYNAMIC_NO_PIC = NO;
				GCC_NO_COMMON_BLOCKS = YES;
				GCC_OPTIMIZATION_LEVEL = 0;
				GCC_PREPROCESSOR_DEFINITIONS = (
					"DEBUG=1",
					"$(inherited)",
				);
				GCC_WARN_64_TO_32_BIT_CONVERSION = YES;
				GCC_WARN_ABOUT_RETURN_TYPE = YES_ERROR;
				GCC_WARN_UNDECLARED_SELECTOR = YES;
				GCC_WARN_UNINITIALIZED_AUTOS = YES_AGGRESSIVE;
				GCC_WARN_UNUSED_FUNCTION = YES;
				GCC_WARN_UNUSED_VARIABLE = YES;
				IPHONEOS_DEPLOYMENT_TARGET = 13.6;
				MTL_ENABLE_DEBUG_INFO = INCLUDE_SOURCE;
				MTL_FAST_MATH = YES;
				ONLY_ACTIVE_ARCH = YES;
				SDKROOT = iphoneos;
				SWIFT_ACTIVE_COMPILATION_CONDITIONS = DEBUG;
				SWIFT_OPTIMIZATION_LEVEL = "-Onone";
			};
			name = Debug;
		};
		F93DE1932513F56100163C03 /* Release */ = {
			isa = XCBuildConfiguration;
			buildSettings = {
				ALWAYS_SEARCH_USER_PATHS = NO;
				CLANG_ANALYZER_NONNULL = YES;
				CLANG_ANALYZER_NUMBER_OBJECT_CONVERSION = YES_AGGRESSIVE;
				CLANG_CXX_LANGUAGE_STANDARD = "gnu++14";
				CLANG_CXX_LIBRARY = "libc++";
				CLANG_ENABLE_MODULES = YES;
				CLANG_ENABLE_OBJC_ARC = YES;
				CLANG_ENABLE_OBJC_WEAK = YES;
				CLANG_WARN_BLOCK_CAPTURE_AUTORELEASING = YES;
				CLANG_WARN_BOOL_CONVERSION = YES;
				CLANG_WARN_COMMA = YES;
				CLANG_WARN_CONSTANT_CONVERSION = YES;
				CLANG_WARN_DEPRECATED_OBJC_IMPLEMENTATIONS = YES;
				CLANG_WARN_DIRECT_OBJC_ISA_USAGE = YES_ERROR;
				CLANG_WARN_DOCUMENTATION_COMMENTS = YES;
				CLANG_WARN_EMPTY_BODY = YES;
				CLANG_WARN_ENUM_CONVERSION = YES;
				CLANG_WARN_INFINITE_RECURSION = YES;
				CLANG_WARN_INT_CONVERSION = YES;
				CLANG_WARN_NON_LITERAL_NULL_CONVERSION = YES;
				CLANG_WARN_OBJC_IMPLICIT_RETAIN_SELF = YES;
				CLANG_WARN_OBJC_LITERAL_CONVERSION = YES;
				CLANG_WARN_OBJC_ROOT_CLASS = YES_ERROR;
				CLANG_WARN_RANGE_LOOP_ANALYSIS = YES;
				CLANG_WARN_STRICT_PROTOTYPES = YES;
				CLANG_WARN_SUSPICIOUS_MOVE = YES;
				CLANG_WARN_UNGUARDED_AVAILABILITY = YES_AGGRESSIVE;
				CLANG_WARN_UNREACHABLE_CODE = YES;
				CLANG_WARN__DUPLICATE_METHOD_MATCH = YES;
				COPY_PHASE_STRIP = NO;
				DEBUG_INFORMATION_FORMAT = "dwarf-with-dsym";
				ENABLE_NS_ASSERTIONS = NO;
				ENABLE_STRICT_OBJC_MSGSEND = YES;
				GCC_C_LANGUAGE_STANDARD = gnu11;
				GCC_NO_COMMON_BLOCKS = YES;
				GCC_WARN_64_TO_32_BIT_CONVERSION = YES;
				GCC_WARN_ABOUT_RETURN_TYPE = YES_ERROR;
				GCC_WARN_UNDECLARED_SELECTOR = YES;
				GCC_WARN_UNINITIALIZED_AUTOS = YES_AGGRESSIVE;
				GCC_WARN_UNUSED_FUNCTION = YES;
				GCC_WARN_UNUSED_VARIABLE = YES;
				IPHONEOS_DEPLOYMENT_TARGET = 13.6;
				MTL_ENABLE_DEBUG_INFO = NO;
				MTL_FAST_MATH = YES;
				SDKROOT = iphoneos;
				SWIFT_COMPILATION_MODE = wholemodule;
				SWIFT_OPTIMIZATION_LEVEL = "-O";
				VALIDATE_PRODUCT = YES;
			};
			name = Release;
		};
		F93DE1952513F56100163C03 /* Debug */ = {
			isa = XCBuildConfiguration;
			buildSettings = {
				ASSETCATALOG_COMPILER_APPICON_NAME = AppIcon;
				CODE_SIGN_STYLE = Automatic;
				DEVELOPMENT_TEAM = 8MQNNVGBGK;
				INFOPLIST_FILE = twitter/Info.plist;
				LD_RUNPATH_SEARCH_PATHS = (
					"$(inherited)",
					"@executable_path/Frameworks",
				);
				PRODUCT_BUNDLE_IDENTIFIER = Codepath.twitter;
				PRODUCT_NAME = "$(TARGET_NAME)";
				SWIFT_VERSION = 5.0;
				TARGETED_DEVICE_FAMILY = "1,2";
			};
			name = Debug;
		};
		F93DE1962513F56100163C03 /* Release */ = {
			isa = XCBuildConfiguration;
			buildSettings = {
				ASSETCATALOG_COMPILER_APPICON_NAME = AppIcon;
				CODE_SIGN_STYLE = Automatic;
				DEVELOPMENT_TEAM = 8MQNNVGBGK;
				INFOPLIST_FILE = twitter/Info.plist;
				LD_RUNPATH_SEARCH_PATHS = (
					"$(inherited)",
					"@executable_path/Frameworks",
				);
				PRODUCT_BUNDLE_IDENTIFIER = Codepath.twitter;
				PRODUCT_NAME = "$(TARGET_NAME)";
				SWIFT_VERSION = 5.0;
				TARGETED_DEVICE_FAMILY = "1,2";
			};
			name = Release;
		};
		F93DE1982513F56100163C03 /* Debug */ = {
			isa = XCBuildConfiguration;
			buildSettings = {
				ALWAYS_EMBED_SWIFT_STANDARD_LIBRARIES = YES;
				BUNDLE_LOADER = "$(TEST_HOST)";
				CODE_SIGN_STYLE = Automatic;
				DEVELOPMENT_TEAM = 8MQNNVGBGK;
				INFOPLIST_FILE = twitterTests/Info.plist;
				IPHONEOS_DEPLOYMENT_TARGET = 13.6;
				LD_RUNPATH_SEARCH_PATHS = (
					"$(inherited)",
					"@executable_path/Frameworks",
					"@loader_path/Frameworks",
				);
				PRODUCT_BUNDLE_IDENTIFIER = Codepath.twitterTests;
				PRODUCT_NAME = "$(TARGET_NAME)";
				SWIFT_VERSION = 5.0;
				TARGETED_DEVICE_FAMILY = "1,2";
				TEST_HOST = "$(BUILT_PRODUCTS_DIR)/twitter.app/twitter";
			};
			name = Debug;
		};
		F93DE1992513F56100163C03 /* Release */ = {
			isa = XCBuildConfiguration;
			buildSettings = {
				ALWAYS_EMBED_SWIFT_STANDARD_LIBRARIES = YES;
				BUNDLE_LOADER = "$(TEST_HOST)";
				CODE_SIGN_STYLE = Automatic;
				DEVELOPMENT_TEAM = 8MQNNVGBGK;
				INFOPLIST_FILE = twitterTests/Info.plist;
				IPHONEOS_DEPLOYMENT_TARGET = 13.6;
				LD_RUNPATH_SEARCH_PATHS = (
					"$(inherited)",
					"@executable_path/Frameworks",
					"@loader_path/Frameworks",
				);
				PRODUCT_BUNDLE_IDENTIFIER = Codepath.twitterTests;
				PRODUCT_NAME = "$(TARGET_NAME)";
				SWIFT_VERSION = 5.0;
				TARGETED_DEVICE_FAMILY = "1,2";
				TEST_HOST = "$(BUILT_PRODUCTS_DIR)/twitter.app/twitter";
			};
			name = Release;
		};
		F93DE19B2513F56100163C03 /* Debug */ = {
			isa = XCBuildConfiguration;
			buildSettings = {
				ALWAYS_EMBED_SWIFT_STANDARD_LIBRARIES = YES;
				CODE_SIGN_STYLE = Automatic;
				DEVELOPMENT_TEAM = 8MQNNVGBGK;
				INFOPLIST_FILE = twitterUITests/Info.plist;
				LD_RUNPATH_SEARCH_PATHS = (
					"$(inherited)",
					"@executable_path/Frameworks",
					"@loader_path/Frameworks",
				);
				PRODUCT_BUNDLE_IDENTIFIER = Codepath.twitterUITests;
				PRODUCT_NAME = "$(TARGET_NAME)";
				SWIFT_VERSION = 5.0;
				TARGETED_DEVICE_FAMILY = "1,2";
				TEST_TARGET_NAME = twitter;
			};
			name = Debug;
		};
		F93DE19C2513F56100163C03 /* Release */ = {
			isa = XCBuildConfiguration;
			buildSettings = {
				ALWAYS_EMBED_SWIFT_STANDARD_LIBRARIES = YES;
				CODE_SIGN_STYLE = Automatic;
				DEVELOPMENT_TEAM = 8MQNNVGBGK;
				INFOPLIST_FILE = twitterUITests/Info.plist;
				LD_RUNPATH_SEARCH_PATHS = (
					"$(inherited)",
					"@executable_path/Frameworks",
					"@loader_path/Frameworks",
				);
				PRODUCT_BUNDLE_IDENTIFIER = Codepath.twitterUITests;
				PRODUCT_NAME = "$(TARGET_NAME)";
				SWIFT_VERSION = 5.0;
				TARGETED_DEVICE_FAMILY = "1,2";
				TEST_TARGET_NAME = twitter;
			};
			name = Release;
		};
/* End XCBuildConfiguration section */

/* Begin XCConfigurationList section */
		F93DE1652513F55F00163C03 /* Build configuration list for PBXProject "twitter" */ = {
			isa = XCConfigurationList;
			buildConfigurations = (
				F93DE1922513F56100163C03 /* Debug */,
				F93DE1932513F56100163C03 /* Release */,
			);
			defaultConfigurationIsVisible = 0;
			defaultConfigurationName = Release;
		};
		F93DE1942513F56100163C03 /* Build configuration list for PBXNativeTarget "twitter" */ = {
			isa = XCConfigurationList;
			buildConfigurations = (
				F93DE1952513F56100163C03 /* Debug */,
				F93DE1962513F56100163C03 /* Release */,
			);
			defaultConfigurationIsVisible = 0;
			defaultConfigurationName = Release;
		};
		F93DE1972513F56100163C03 /* Build configuration list for PBXNativeTarget "twitterTests" */ = {
			isa = XCConfigurationList;
			buildConfigurations = (
				F93DE1982513F56100163C03 /* Debug */,
				F93DE1992513F56100163C03 /* Release */,
			);
			defaultConfigurationIsVisible = 0;
			defaultConfigurationName = Release;
		};
		F93DE19A2513F56100163C03 /* Build configuration list for PBXNativeTarget "twitterUITests" */ = {
			isa = XCConfigurationList;
			buildConfigurations = (
				F93DE19B2513F56100163C03 /* Debug */,
				F93DE19C2513F56100163C03 /* Release */,
			);
			defaultConfigurationIsVisible = 0;
			defaultConfigurationName = Release;
		};
/* End XCConfigurationList section */
	};
	rootObject = F93DE1622513F55F00163C03 /* Project object */;
}
